
Microsoft Visual Studio Solution File, Format Version 12.00
# Visual Studio 15
Project("{FAE04EC0-301F-11D3-BF4B-00C04F79EFBC}") = "ConsoleApplicationAndrade", "ConsoleApplicationAndrade\ConsoleApplicationAndrade.csproj", "{544E9FAF-683D-495D-AE6E-122A233E37EE}"
EndProject
Global
	GlobalSection(SolutionConfigurationPlatforms) = preSolution
		Debug|Any CPU = Debug|Any CPU
		Release|Any CPU = Release|Any CPU
	EndGlobalSection
	GlobalSection(ProjectConfigurationPlatforms) = postSolution
		{544E9FAF-683D-495D-AE6E-122A233E37EE}.Debug|Any CPU.ActiveCfg = Debug|Any CPU
		{544E9FAF-683D-495D-AE6E-122A233E37EE}.Debug|Any CPU.Build.0 = Debug|Any CPU
		{544E9FAF-683D-495D-AE6E-122A233E37EE}.Release|Any CPU.ActiveCfg = Release|Any CPU
		{544E9FAF-683D-495D-AE6E-122A233E37EE}.Release|Any CPU.Build.0 = Release|Any CPU
	EndGlobalSection
EndGlobal
