
Microsoft Visual Studio Solution File, Format Version 12.00
# Visual Studio 15
Project("{FAE04EC0-301F-11D3-BF4B-00C04F79EFBC}") = "LDSLibrary", "LDSLibrary\LDSLibrary.csproj", "{4D9EA895-0D91-46C2-91F6-39099ABDEE74}"
EndProject
Global
	GlobalSection(SolutionConfigurationPlatforms) = preSolution
		Debug|Any CPU = Debug|Any CPU
		Release|Any CPU = Release|Any CPU
	EndGlobalSection
	GlobalSection(ProjectConfigurationPlatforms) = postSolution
		{4D9EA895-0D91-46C2-91F6-39099ABDEE74}.Debug|Any CPU.ActiveCfg = Debug|Any CPU
		{4D9EA895-0D91-46C2-91F6-39099ABDEE74}.Debug|Any CPU.Build.0 = Debug|Any CPU
		{4D9EA895-0D91-46C2-91F6-39099ABDEE74}.Release|Any CPU.ActiveCfg = Release|Any CPU
		{4D9EA895-0D91-46C2-91F6-39099ABDEE74}.Release|Any CPU.Build.0 = Release|Any CPU
	EndGlobalSection
EndGlobal
